
Microsoft Visual Studio Solution File, Format Version 12.00
Project("{FAE04EC0-301F-11D3-BF4B-00C04F79EFBC}") = "AppCode", "AppCode\AppCode.csproj", "{D872CA70-FEEC-4432-917E-B6021847B971}"
EndProject
Project("{FAE04EC0-301F-11D3-BF4B-00C04F79EFBC}") = "AppCode.Dev", "AppCode.Dev\AppCode.Dev.csproj", "{B50CEF96-14F0-4423-92B6-622A81C98D06}"
EndProject
Global
	GlobalSection(SolutionConfigurationPlatforms) = preSolution
		Debug|Any CPU = Debug|Any CPU
		Release|Any CPU = Release|Any CPU
	EndGlobalSection
	GlobalSection(ProjectConfigurationPlatforms) = postSolution
		{D872CA70-FEEC-4432-917E-B6021847B971}.Debug|Any CPU.ActiveCfg = Debug|Any CPU
		{D872CA70-FEEC-4432-917E-B6021847B971}.Debug|Any CPU.Build.0 = Debug|Any CPU
		{D872CA70-FEEC-4432-917E-B6021847B971}.Release|Any CPU.ActiveCfg = Release|Any CPU
		{D872CA70-FEEC-4432-917E-B6021847B971}.Release|Any CPU.Build.0 = Release|Any CPU
		{B50CEF96-14F0-4423-92B6-622A81C98D06}.Debug|Any CPU.ActiveCfg = Debug|Any CPU
		{B50CEF96-14F0-4423-92B6-622A81C98D06}.Debug|Any CPU.Build.0 = Debug|Any CPU
		{B50CEF96-14F0-4423-92B6-622A81C98D06}.Release|Any CPU.ActiveCfg = Release|Any CPU
		{B50CEF96-14F0-4423-92B6-622A81C98D06}.Release|Any CPU.Build.0 = Release|Any CPU
	EndGlobalSection
EndGlobal
